
Microsoft Visual Studio Solution File, Format Version 12.00
# Visual Studio Version 17
VisualStudioVersion = 17.0.31521.260
MinimumVisualStudioVersion = 10.0.40219.1
Project("{2150E333-8FDC-42A3-9474-1A3956D46DE8}") = "src", "src", "{92F40AFA-8416-40BE-9893-D35E1924C69D}"
EndProject
Project("{2150E333-8FDC-42A3-9474-1A3956D46DE8}") = "Services", "Services", "{4A1D2DFA-D091-4CD2-B9CB-D7AAA795ABD9}"
EndProject
Project("{2150E333-8FDC-42A3-9474-1A3956D46DE8}") = "Contracts", "Contracts", "{88AD0A79-5286-4C1C-8A58-AAC9E6870CCD}"
EndProject
Project("{2150E333-8FDC-42A3-9474-1A3956D46DE8}") = "solution items", "solution items", "{C64F965A-C695-416C-95F2-F9DEC98EF414}"
	ProjectSection(SolutionItems) = preProject
		Directory.Build.props = Directory.Build.props
	EndProjectSection
EndProject
Project("{9A19103F-16F7-4668-BE54-9A1E7A4F7556}") = "MasaQSTemplate.Contracts", "src\Contracts\MasaQSTemplate.Contracts\MasaQSTemplate.Contracts.csproj", "{0F555661-9256-4943-B77E-1496546346D6}"
EndProject
Project("{9A19103F-16F7-4668-BE54-9A1E7A4F7556}") = "MasaQSTemplate.Api", "src\Services\MasaQSTemplate.Api\MasaQSTemplate.Api.csproj", "{FC9F62D5-58B8-46BB-9E5F-72F28D4C07C5}"
EndProject
Project("{9A19103F-16F7-4668-BE54-9A1E7A4F7556}") = "MasaQSTemplate.AuthModule", "src\Services\MasaQSTemplate.AuthModule\MasaQSTemplate.AuthModule.csproj", "{7425261D-54C4-4D5B-B9B4-38BE4AF0A290}"
EndProject
Project("{9A19103F-16F7-4668-BE54-9A1E7A4F7556}") = "MasaQSTemplate.BaseModule", "src\Services\MasaQSTemplate.BaseModule\MasaQSTemplate.BaseModule.csproj", "{A16C438D-C7B7-44E8-B605-3718CF1CA359}"
EndProject
Project("{9A19103F-16F7-4668-BE54-9A1E7A4F7556}") = "MasaQSTemplate.LogModule", "src\Services\MasaQSTemplate.LogModule\MasaQSTemplate.LogModule.csproj", "{0FFE6D8D-B4D8-4775-9655-7C553555075B}"
EndProject
Global
	GlobalSection(SolutionConfigurationPlatforms) = preSolution
		Debug|Any CPU = Debug|Any CPU
		Debug|x86 = Debug|x86
		Release|Any CPU = Release|Any CPU
		Release|x86 = Release|x86
	EndGlobalSection
	GlobalSection(ProjectConfigurationPlatforms) = postSolution
		{0F555661-9256-4943-B77E-1496546346D6}.Debug|Any CPU.ActiveCfg = Debug|Any CPU
		{0F555661-9256-4943-B77E-1496546346D6}.Debug|Any CPU.Build.0 = Debug|Any CPU
		{0F555661-9256-4943-B77E-1496546346D6}.Debug|x86.ActiveCfg = Debug|Any CPU
		{0F555661-9256-4943-B77E-1496546346D6}.Debug|x86.Build.0 = Debug|Any CPU
		{0F555661-9256-4943-B77E-1496546346D6}.Release|Any CPU.ActiveCfg = Release|Any CPU
		{0F555661-9256-4943-B77E-1496546346D6}.Release|Any CPU.Build.0 = Release|Any CPU
		{0F555661-9256-4943-B77E-1496546346D6}.Release|x86.ActiveCfg = Release|Any CPU
		{0F555661-9256-4943-B77E-1496546346D6}.Release|x86.Build.0 = Release|Any CPU
		{FC9F62D5-58B8-46BB-9E5F-72F28D4C07C5}.Debug|Any CPU.ActiveCfg = Debug|Any CPU
		{FC9F62D5-58B8-46BB-9E5F-72F28D4C07C5}.Debug|Any CPU.Build.0 = Debug|Any CPU
		{FC9F62D5-58B8-46BB-9E5F-72F28D4C07C5}.Debug|x86.ActiveCfg = Debug|Any CPU
		{FC9F62D5-58B8-46BB-9E5F-72F28D4C07C5}.Debug|x86.Build.0 = Debug|Any CPU
		{FC9F62D5-58B8-46BB-9E5F-72F28D4C07C5}.Release|Any CPU.ActiveCfg = Release|Any CPU
		{FC9F62D5-58B8-46BB-9E5F-72F28D4C07C5}.Release|Any CPU.Build.0 = Release|Any CPU
		{FC9F62D5-58B8-46BB-9E5F-72F28D4C07C5}.Release|x86.ActiveCfg = Release|Any CPU
		{FC9F62D5-58B8-46BB-9E5F-72F28D4C07C5}.Release|x86.Build.0 = Release|Any CPU
		{7425261D-54C4-4D5B-B9B4-38BE4AF0A290}.Debug|Any CPU.ActiveCfg = Debug|Any CPU
		{7425261D-54C4-4D5B-B9B4-38BE4AF0A290}.Debug|Any CPU.Build.0 = Debug|Any CPU
		{7425261D-54C4-4D5B-B9B4-38BE4AF0A290}.Debug|x86.ActiveCfg = Debug|Any CPU
		{7425261D-54C4-4D5B-B9B4-38BE4AF0A290}.Debug|x86.Build.0 = Debug|Any CPU
		{7425261D-54C4-4D5B-B9B4-38BE4AF0A290}.Release|Any CPU.ActiveCfg = Release|Any CPU
		{7425261D-54C4-4D5B-B9B4-38BE4AF0A290}.Release|Any CPU.Build.0 = Release|Any CPU
		{7425261D-54C4-4D5B-B9B4-38BE4AF0A290}.Release|x86.ActiveCfg = Release|Any CPU
		{7425261D-54C4-4D5B-B9B4-38BE4AF0A290}.Release|x86.Build.0 = Release|Any CPU
		{A16C438D-C7B7-44E8-B605-3718CF1CA359}.Debug|Any CPU.ActiveCfg = Debug|Any CPU
		{A16C438D-C7B7-44E8-B605-3718CF1CA359}.Debug|Any CPU.Build.0 = Debug|Any CPU
		{A16C438D-C7B7-44E8-B605-3718CF1CA359}.Debug|x86.ActiveCfg = Debug|Any CPU
		{A16C438D-C7B7-44E8-B605-3718CF1CA359}.Debug|x86.Build.0 = Debug|Any CPU
		{A16C438D-C7B7-44E8-B605-3718CF1CA359}.Release|Any CPU.ActiveCfg = Release|Any CPU
		{A16C438D-C7B7-44E8-B605-3718CF1CA359}.Release|Any CPU.Build.0 = Release|Any CPU
		{A16C438D-C7B7-44E8-B605-3718CF1CA359}.Release|x86.ActiveCfg = Release|Any CPU
		{A16C438D-C7B7-44E8-B605-3718CF1CA359}.Release|x86.Build.0 = Release|Any CPU
		{0FFE6D8D-B4D8-4775-9655-7C553555075B}.Debug|Any CPU.ActiveCfg = Debug|Any CPU
		{0FFE6D8D-B4D8-4775-9655-7C553555075B}.Debug|Any CPU.Build.0 = Debug|Any CPU
		{0FFE6D8D-B4D8-4775-9655-7C553555075B}.Debug|x86.ActiveCfg = Debug|Any CPU
		{0FFE6D8D-B4D8-4775-9655-7C553555075B}.Debug|x86.Build.0 = Debug|Any CPU
		{0FFE6D8D-B4D8-4775-9655-7C553555075B}.Release|Any CPU.ActiveCfg = Release|Any CPU
		{0FFE6D8D-B4D8-4775-9655-7C553555075B}.Release|Any CPU.Build.0 = Release|Any CPU
		{0FFE6D8D-B4D8-4775-9655-7C553555075B}.Release|x86.ActiveCfg = Release|Any CPU
		{0FFE6D8D-B4D8-4775-9655-7C553555075B}.Release|x86.Build.0 = Release|Any CPU
	EndGlobalSection
	GlobalSection(SolutionProperties) = preSolution
		HideSolutionNode = FALSE
	EndGlobalSection
	GlobalSection(NestedProjects) = preSolution
		{4A1D2DFA-D091-4CD2-B9CB-D7AAA795ABD9} = {92F40AFA-8416-40BE-9893-D35E1924C69D}
		{88AD0A79-5286-4C1C-8A58-AAC9E6870CCD} = {92F40AFA-8416-40BE-9893-D35E1924C69D}
		{0F555661-9256-4943-B77E-1496546346D6} = {88AD0A79-5286-4C1C-8A58-AAC9E6870CCD}
		{FC9F62D5-58B8-46BB-9E5F-72F28D4C07C5} = {4A1D2DFA-D091-4CD2-B9CB-D7AAA795ABD9}
		{7425261D-54C4-4D5B-B9B4-38BE4AF0A290} = {4A1D2DFA-D091-4CD2-B9CB-D7AAA795ABD9}
		{A16C438D-C7B7-44E8-B605-3718CF1CA359} = {4A1D2DFA-D091-4CD2-B9CB-D7AAA795ABD9}
		{0FFE6D8D-B4D8-4775-9655-7C553555075B} = {4A1D2DFA-D091-4CD2-B9CB-D7AAA795ABD9}
	EndGlobalSection
	GlobalSection(ExtensibilityGlobals) = postSolution
		SolutionGuid = {B83BA2BA-19E5-41FB-A92A-16A03DA229E4}
	EndGlobalSection
EndGlobal
